// !$*UTF8*$!
{
	archiveVersion = 1;
	classes = {
	};
	objectVersion = 46;
	objects = {

/* Begin PBXBuildFile section */
		046FE0281A9C62DE009AC81D /* AppDelegate.swift in Sources */ = {isa = PBXBuildFile; fileRef = 046FE0271A9C62DE009AC81D /* AppDelegate.swift */; };
		046FE02A1A9C62DE009AC81D /* ViewController.swift in Sources */ = {isa = PBXBuildFile; fileRef = 046FE0291A9C62DE009AC81D /* ViewController.swift */; };
		046FE02D1A9C62DE009AC81D /* Main.storyboard in Resources */ = {isa = PBXBuildFile; fileRef = 046FE02B1A9C62DE009AC81D /* Main.storyboard */; };
		046FE02F1A9C62DE009AC81D /* Images.xcassets in Resources */ = {isa = PBXBuildFile; fileRef = 046FE02E1A9C62DE009AC81D /* Images.xcassets */; };
		046FE0321A9C62DE009AC81D /* LaunchScreen.xib in Resources */ = {isa = PBXBuildFile; fileRef = 046FE0301A9C62DE009AC81D /* LaunchScreen.xib */; };
		046FE03E1A9C62DF009AC81D /* testingTests.swift in Sources */ = {isa = PBXBuildFile; fileRef = 046FE03D1A9C62DF009AC81D /* testingTests.swift */; };
/* End PBXBuildFile section */

/* Begin PBXContainerItemProxy section */
		046FE0381A9C62DF009AC81D /* PBXContainerItemProxy */ = {
			isa = PBXContainerItemProxy;
			containerPortal = 046FE01A1A9C62DE009AC81D /* Project object */;
			proxyType = 1;
			remoteGlobalIDString = 046FE0211A9C62DE009AC81D;
			remoteInfo = testing;
		};
/* End PBXContainerItemProxy section */

/* Begin PBXFileReference section */
		046FE0221A9C62DE009AC81D /* testing.app */ = {isa = PBXFileReference; explicitFileType = wrapper.application; includeInIndex = 0; path = testing.app; sourceTree = BUILT_PRODUCTS_DIR; };
		046FE0261A9C62DE009AC81D /* Info.plist */ = {isa = PBXFileReference; lastKnownFileType = text.plist.xml; path = Info.plist; sourceTree = "<group>"; };
		046FE0271A9C62DE009AC81D /* AppDelegate.swift */ = {isa = PBXFileReference; lastKnownFileType = sourcecode.swift; path = AppDelegate.swift; sourceTree = "<group>"; };
		046FE0291A9C62DE009AC81D /* ViewController.swift */ = {isa = PBXFileReference; lastKnownFileType = sourcecode.swift; path = ViewController.swift; sourceTree = "<group>"; };
		046FE02C1A9C62DE009AC81D /* Base */ = {isa = PBXFileReference; lastKnownFileType = file.storyboard; name = Base; path = Base.lproj/Main.storyboard; sourceTree = "<group>"; };
		046FE02E1A9C62DE009AC81D /* Images.xcassets */ = {isa = PBXFileReference; lastKnownFileType = folder.assetcatalog; path = Images.xcassets; sourceTree = "<group>"; };
		046FE0311A9C62DE009AC81D /* Base */ = {isa = PBXFileReference; lastKnownFileType = file.xib; name = Base; path = Base.lproj/LaunchScreen.xib; sourceTree = "<group>"; };
		046FE0371A9C62DF009AC81D /* testingTests.xctest */ = {isa = PBXFileReference; explicitFileType = wrapper.cfbundle; includeInIndex = 0; path = testingTests.xctest; sourceTree = BUILT_PRODUCTS_DIR; };
		046FE03C1A9C62DF009AC81D /* Info.plist */ = {isa = PBXFileReference; lastKnownFileType = text.plist.xml; path = Info.plist; sourceTree = "<group>"; };
		046FE03D1A9C62DF009AC81D /* testingTests.swift */ = {isa = PBXFileReference; lastKnownFileType = sourcecode.swift; path = testingTests.swift; sourceTree = "<group>"; };
/* End PBXFileReference section */

/* Begin PBXFrameworksBuildPhase section */
		046FE01F1A9C62DE009AC81D /* Frameworks */ = {
			isa = PBXFrameworksBuildPhase;
			buildActionMask = 2147483647;
			files = (
			);
			runOnlyForDeploymentPostprocessing = 0;
		};
		046FE0341A9C62DF009AC81D /* Frameworks */ = {
			isa = PBXFrameworksBuildPhase;
			buildActionMask = 2147483647;
			files = (
			);
			runOnlyForDeploymentPostprocessing = 0;
		};
/* End PBXFrameworksBuildPhase section */

/* Begin PBXGroup section */
		046FE0191A9C62DE009AC81D = {
			isa = PBXGroup;
			children = (
				046FE0241A9C62DE009AC81D /* testing */,
				046FE03A1A9C62DF009AC81D /* testingTests */,
				046FE0231A9C62DE009AC81D /* Products */,
			);
			sourceTree = "<group>";
		};
		046FE0231A9C62DE009AC81D /* Products */ = {
			isa = PBXGroup;
			children = (
				046FE0221A9C62DE009AC81D /* testing.app */,
				046FE0371A9C62DF009AC81D /* testingTests.xctest */,
			);
			name = Products;
			sourceTree = "<group>";
		};
		046FE0241A9C62DE009AC81D /* testing */ = {
			isa = PBXGroup;
			children = (
				046FE0271A9C62DE009AC81D /* AppDelegate.swift */,
				046FE0291A9C62DE009AC81D /* ViewController.swift */,
				046FE02B1A9C62DE009AC81D /* Main.storyboard */,
				046FE02E1A9C62DE009AC81D /* Images.xcassets */,
				046FE0301A9C62DE009AC81D /* LaunchScreen.xib */,
				046FE0251A9C62DE009AC81D /* Supporting Files */,
			);
			path = testing;
			sourceTree = "<group>";
		};
		046FE0251A9C62DE009AC81D /* Supporting Files */ = {
			isa = PBXGroup;
			children = (
				046FE0261A9C62DE009AC81D /* Info.plist */,
			);
			name = "Supporting Files";
			sourceTree = "<group>";
		};
		046FE03A1A9C62DF009AC81D /* testingTests */ = {
			isa = PBXGroup;
			children = (
				046FE03D1A9C62DF009AC81D /* testingTests.swift */,
				046FE03B1A9C62DF009AC81D /* Supporting Files */,
			);
			path = testingTests;
			sourceTree = "<group>";
		};
		046FE03B1A9C62DF009AC81D /* Supporting Files */ = {
			isa = PBXGroup;
			children = (
				046FE03C1A9C62DF009AC81D /* Info.plist */,
			);
			name = "Supporting Files";
			sourceTree = "<group>";
		};
/* End PBXGroup section */

/* Begin PBXNativeTarget section */
		046FE0211A9C62DE009AC81D /* testing */ = {
			isa = PBXNativeTarget;
			buildConfigurationList = 046FE0411A9C62DF009AC81D /* Build configuration list for PBXNativeTarget "testing" */;
			buildPhases = (
				046FE01E1A9C62DE009AC81D /* Sources */,
				046FE01F1A9C62DE009AC81D /* Frameworks */,
				046FE0201A9C62DE009AC81D /* Resources */,
			);
			buildRules = (
			);
			dependencies = (
			);
			name = testing;
			productName = testing;
			productReference = 046FE0221A9C62DE009AC81D /* testing.app */;
			productType = "com.apple.product-type.application";
		};
		046FE0361A9C62DF009AC81D /* testingTests */ = {
			isa = PBXNativeTarget;
			buildConfigurationList = 046FE0441A9C62DF009AC81D /* Build configuration list for PBXNativeTarget "testingTests" */;
			buildPhases = (
				046FE0331A9C62DF009AC81D /* Sources */,
				046FE0341A9C62DF009AC81D /* Frameworks */,
				046FE0351A9C62DF009AC81D /* Resources */,
			);
			buildRules = (
			);
			dependencies = (
				046FE0391A9C62DF009AC81D /* PBXTargetDependency */,
			);
			name = testingTests;
			productName = testingTests;
			productReference = 046FE0371A9C62DF009AC81D /* testingTests.xctest */;
			productType = "com.apple.product-type.bundle.unit-test";
		};
/* End PBXNativeTarget section */

/* Begin PBXProject section */
		046FE01A1A9C62DE009AC81D /* Project object */ = {
			isa = PBXProject;
			attributes = {
				LastUpgradeCheck = 0610;
				ORGANIZATIONNAME = "Variya Soft Solutions";
				TargetAttributes = {
					046FE0211A9C62DE009AC81D = {
						CreatedOnToolsVersion = 6.1.1;
					};
					046FE0361A9C62DF009AC81D = {
						CreatedOnToolsVersion = 6.1.1;
						TestTargetID = 046FE0211A9C62DE009AC81D;
					};
				};
			};
			buildConfigurationList = 046FE01D1A9C62DE009AC81D /* Build configuration list for PBXProject "testing" */;
			compatibilityVersion = "Xcode 3.2";
			developmentRegion = English;
			hasScannedForEncodings = 0;
			knownRegions = (
				en,
				Base,
			);
			mainGroup = 046FE0191A9C62DE009AC81D;
			productRefGroup = 046FE0231A9C62DE009AC81D /* Products */;
			projectDirPath = "";
			projectRoot = "";
			targets = (
				046FE0211A9C62DE009AC81D /* testing */,
				046FE0361A9C62DF009AC81D /* testingTests */,
			);
		};
/* End PBXProject section */

/* Begin PBXResourcesBuildPhase section */
		046FE0201A9C62DE009AC81D /* Resources */ = {
			isa = PBXResourcesBuildPhase;
			buildActionMask = 2147483647;
			files = (
				046FE02D1A9C62DE009AC81D /* Main.storyboard in Resources */,
				046FE0321A9C62DE009AC81D /* LaunchScreen.xib in Resources */,
				046FE02F1A9C62DE009AC81D /* Images.xcassets in Resources */,
			);
			runOnlyForDeploymentPostprocessing = 0;
		};
		046FE0351A9C62DF009AC81D /* Resources */ = {
			isa = PBXResourcesBuildPhase;
			buildActionMask = 2147483647;
			files = (
			);
			runOnlyForDeploymentPostprocessing = 0;
		};
/* End PBXResourcesBuildPhase section */

/* Begin PBXSourcesBuildPhase section */
		046FE01E1A9C62DE009AC81D /* Sources */ = {
			isa = PBXSourcesBuildPhase;
			buildActionMask = 2147483647;
			files = (
				046FE02A1A9C62DE009AC81D /* ViewController.swift in Sources */,
				046FE0281A9C62DE009AC81D /* AppDelegate.swift in Sources */,
			);
			runOnlyForDeploymentPostprocessing = 0;
		};
		046FE0331A9C62DF009AC81D /* Sources */ = {
			isa = PBXSourcesBuildPhase;
			buildActionMask = 2147483647;
			files = (
				046FE03E1A9C62DF009AC81D /* testingTests.swift in Sources */,
			);
			runOnlyForDeploymentPostprocessing = 0;
		};
/* End PBXSourcesBuildPhase section */

/* Begin PBXTargetDependency section */
		046FE0391A9C62DF009AC81D /* PBXTargetDependency */ = {
			isa = PBXTargetDependency;
			target = 046FE0211A9C62DE009AC81D /* testing */;
			targetProxy = 046FE0381A9C62DF009AC81D /* PBXContainerItemProxy */;
		};
/* End PBXTargetDependency section */

/* Begin PBXVariantGroup section */
		046FE02B1A9C62DE009AC81D /* Main.storyboard */ = {
			isa = PBXVariantGroup;
			children = (
				046FE02C1A9C62DE009AC81D /* Base */,
			);
			name = Main.storyboard;
			sourceTree = "<group>";
		};
		046FE0301A9C62DE009AC81D /* LaunchScreen.xib */ = {
			isa = PBXVariantGroup;
			children = (
				046FE0311A9C62DE009AC81D /* Base */,
			);
			name = LaunchScreen.xib;
			sourceTree = "<group>";
		};
/* End PBXVariantGroup section */

/* Begin XCBuildConfiguration section */
		046FE03F1A9C62DF009AC81D /* Debug */ = {
			isa = XCBuildConfiguration;
			buildSettings = {
				ALWAYS_SEARCH_USER_PATHS = NO;
				CLANG_CXX_LANGUAGE_STANDARD = "gnu++0x";
				CLANG_CXX_LIBRARY = "libc++";
				CLANG_ENABLE_MODULES = YES;
				CLANG_ENABLE_OBJC_ARC = YES;
				CLANG_WARN_BOOL_CONVERSION = YES;
				CLANG_WARN_CONSTANT_CONVERSION = YES;
				CLANG_WARN_DIRECT_OBJC_ISA_USAGE = YES_ERROR;
				CLANG_WARN_EMPTY_BODY = YES;
				CLANG_WARN_ENUM_CONVERSION = YES;
				CLANG_WARN_INT_CONVERSION = YES;
				CLANG_WARN_OBJC_ROOT_CLASS = YES_ERROR;
				CLANG_WARN_UNREACHABLE_CODE = YES;
				CLANG_WARN__DUPLICATE_METHOD_MATCH = YES;
				"CODE_SIGN_IDENTITY[sdk=iphoneos*]" = "iPhone Developer";
				COPY_PHASE_STRIP = NO;
				ENABLE_STRICT_OBJC_MSGSEND = YES;
				GCC_C_LANGUAGE_STANDARD = gnu99;
				GCC_DYNAMIC_NO_PIC = NO;
				GCC_OPTIMIZATION_LEVEL = 0;
				GCC_PREPROCESSOR_DEFINITIONS = (
					"DEBUG=1",
					"$(inherited)",
				);
				GCC_SYMBOLS_PRIVATE_EXTERN = NO;
				GCC_WARN_64_TO_32_BIT_CONVERSION = YES;
				GCC_WARN_ABOUT_RETURN_TYPE = YES_ERROR;
				GCC_WARN_UNDECLARED_SELECTOR = YES;
				GCC_WARN_UNINITIALIZED_AUTOS = YES_AGGRESSIVE;
				GCC_WARN_UNUSED_FUNCTION = YES;
				GCC_WARN_UNUSED_VARIABLE = YES;
				IPHONEOS_DEPLOYMENT_TARGET = 8.1;
				MTL_ENABLE_DEBUG_INFO = YES;
				ONLY_ACTIVE_ARCH = YES;
				SDKROOT = iphoneos;
				SWIFT_OPTIMIZATION_LEVEL = "-Onone";
				TARGETED_DEVICE_FAMILY = "1,2";
			};
			name = Debug;
		};
		046FE0401A9C62DF009AC81D /* Release */ = {
			isa = XCBuildConfiguration;
			buildSettings = {
				ALWAYS_SEARCH_USER_PATHS = NO;
				CLANG_CXX_LANGUAGE_STANDARD = "gnu++0x";
				CLANG_CXX_LIBRARY = "libc++";
				CLANG_ENABLE_MODULES = YES;
				CLANG_ENABLE_OBJC_ARC = YES;
				CLANG_WARN_BOOL_CONVERSION = YES;
				CLANG_WARN_CONSTANT_CONVERSION = YES;
				CLANG_WARN_DIRECT_OBJC_ISA_USAGE = YES_ERROR;
				CLANG_WARN_EMPTY_BODY = YES;
				CLANG_WARN_ENUM_CONVERSION = YES;
				CLANG_WARN_INT_CONVERSION = YES;
				CLANG_WARN_OBJC_ROOT_CLASS = YES_ERROR;
				CLANG_WARN_UNREACHABLE_CODE = YES;
				CLANG_WARN__DUPLICATE_METHOD_MATCH = YES;
				"CODE_SIGN_IDENTITY[sdk=iphoneos*]" = "iPhone Developer";
				COPY_PHASE_STRIP = YES;
				ENABLE_NS_ASSERTIONS = NO;
				ENABLE_STRICT_OBJC_MSGSEND = YES;
				GCC_C_LANGUAGE_STANDARD = gnu99;
				GCC_WARN_64_TO_32_BIT_CONVERSION = YES;
				GCC_WARN_ABOUT_RETURN_TYPE = YES_ERROR;
				GCC_WARN_UNDECLARED_SELECTOR = YES;
				GCC_WARN_UNINITIALIZED_AUTOS = YES_AGGRESSIVE;
				GCC_WARN_UNUSED_FUNCTION = YES;
				GCC_WARN_UNUSED_VARIABLE = YES;
				IPHONEOS_DEPLOYMENT_TARGET = 8.1;
				MTL_ENABLE_DEBUG_INFO = NO;
				SDKROOT = iphoneos;
				TARGETED_DEVICE_FAMILY = "1,2";
				VALIDATE_PRODUCT = YES;
			};
			name = Release;
		};
		046FE0421A9C62DF009AC81D /* Debug */ = {
			isa = XCBuildConfiguration;
			buildSettings = {
				ASSETCATALOG_COMPILER_APPICON_NAME = AppIcon;
				INFOPLIST_FILE = testing/Info.plist;
				IPHONEOS_DEPLOYMENT_TARGET = 8.0;
				LD_RUNPATH_SEARCH_PATHS = "$(inherited) @executable_path/Frameworks";
				PRODUCT_NAME = "$(TARGET_NAME)";
			};
			name = Debug;
		};
		046FE0431A9C62DF009AC81D /* Release */ = {
			isa = XCBuildConfiguration;
			buildSettings = {
				ASSETCATALOG_COMPILER_APPICON_NAME = AppIcon;
				INFOPLIST_FILE = testing/Info.plist;
				IPHONEOS_DEPLOYMENT_TARGET = 8.0;
				LD_RUNPATH_SEARCH_PATHS = "$(inherited) @executable_path/Frameworks";
				PRODUCT_NAME = "$(TARGET_NAME)";
			};
			name = Release;
		};
		046FE0451A9C62DF009AC81D /* Debug */ = {
			isa = XCBuildConfiguration;
			buildSettings = {
				BUNDLE_LOADER = "$(TEST_HOST)";
				FRAMEWORK_SEARCH_PATHS = (
					"$(SDKROOT)/Developer/Library/Frameworks",
					"$(inherited)",
				);
				GCC_PREPROCESSOR_DEFINITIONS = (
					"DEBUG=1",
					"$(inherited)",
				);
				INFOPLIST_FILE = testingTests/Info.plist;
				LD_RUNPATH_SEARCH_PATHS = "$(inherited) @executable_path/Frameworks @loader_path/Frameworks";
				PRODUCT_NAME = "$(TARGET_NAME)";
				TEST_HOST = "$(BUILT_PRODUCTS_DIR)/testing.app/testing";
			};
			name = Debug;
		};
		046FE0461A9C62DF009AC81D /* Release */ = {
			isa = XCBuildConfiguration;
			buildSettings = {
				BUNDLE_LOADER = "$(TEST_HOST)";
				FRAMEWORK_SEARCH_PATHS = (
					"$(SDKROOT)/Developer/Library/Frameworks",
					"$(inherited)",
				);
				INFOPLIST_FILE = testingTests/Info.plist;
				LD_RUNPATH_SEARCH_PATHS = "$(inherited) @executable_path/Frameworks @loader_path/Frameworks";
				PRODUCT_NAME = "$(TARGET_NAME)";
				TEST_HOST = "$(BUILT_PRODUCTS_DIR)/testing.app/testing";
			};
			name = Release;
		};
/* End XCBuildConfiguration section */

/* Begin XCConfigurationList section */
		046FE01D1A9C62DE009AC81D /* Build configuration list for PBXProject "testing" */ = {
			isa = XCConfigurationList;
			buildConfigurations = (
				046FE03F1A9C62DF009AC81D /* Debug */,
				046FE0401A9C62DF009AC81D /* Release */,
			);
			defaultConfigurationIsVisible = 0;
			defaultConfigurationName = Release;
		};
		046FE0411A9C62DF009AC81D /* Build configuration list for PBXNativeTarget "testing" */ = {
			isa = XCConfigurationList;
			buildConfigurations = (
				046FE0421A9C62DF009AC81D /* Debug */,
				046FE0431A9C62DF009AC81D /* Release */,
			);
			defaultConfigurationIsVisible = 0;
		};
		046FE0441A9C62DF009AC81D /* Build configuration list for PBXNativeTarget "testingTests" */ = {
			isa = XCConfigurationList;
			buildConfigurations = (
				046FE0451A9C62DF009AC81D /* Debug */,
				046FE0461A9C62DF009AC81D /* Release */,
			);
			defaultConfigurationIsVisible = 0;
		};
/* End XCConfigurationList section */
	};
	rootObject = 046FE01A1A9C62DE009AC81D /* Project object */;
}
